
Microsoft Visual Studio Solution File, Format Version 12.00
# Visual Studio Version 16
VisualStudioVersion = 16.0.30717.126
MinimumVisualStudioVersion = 10.0.40219.1
Project("{FAE04EC0-301F-11D3-BF4B-00C04F79EFBC}") = "RegionVision", "RegionVision\RegionVision.csproj", "{1B8D1F14-56E9-49D5-A1E4-98C78A3A719D}"
EndProject
Global
	GlobalSection(SolutionConfigurationPlatforms) = preSolution
		Debug|Any CPU = Debug|Any CPU
		Debug|x86 = Debug|x86
		Release|Any CPU = Release|Any CPU
		Release|x86 = Release|x86
	EndGlobalSection
	GlobalSection(ProjectConfigurationPlatforms) = postSolution
		{1B8D1F14-56E9-49D5-A1E4-98C78A3A719D}.Debug|Any CPU.ActiveCfg = Release|Any CPU
		{1B8D1F14-56E9-49D5-A1E4-98C78A3A719D}.Debug|Any CPU.Build.0 = Release|Any CPU
		{1B8D1F14-56E9-49D5-A1E4-98C78A3A719D}.Debug|x86.ActiveCfg = Debug|Any CPU
		{1B8D1F14-56E9-49D5-A1E4-98C78A3A719D}.Release|Any CPU.ActiveCfg = Release|Any CPU
		{1B8D1F14-56E9-49D5-A1E4-98C78A3A719D}.Release|Any CPU.Build.0 = Release|Any CPU
		{1B8D1F14-56E9-49D5-A1E4-98C78A3A719D}.Release|x86.ActiveCfg = Release|Any CPU
	EndGlobalSection
	GlobalSection(SolutionProperties) = preSolution
		HideSolutionNode = FALSE
	EndGlobalSection
	GlobalSection(ExtensibilityGlobals) = postSolution
		SolutionGuid = {3D8B5B72-B81B-4970-8289-3ADA60D104D1}
	EndGlobalSection
EndGlobal
